
Microsoft Visual Studio Solution File, Format Version 12.00
# Visual Studio 15
VisualStudioVersion = 15.0.26430.13
MinimumVisualStudioVersion = 10.0.40219.1
Project("{FAE04EC0-301F-11D3-BF4B-00C04F79EFBC}") = "PrismUnityApp1", "PrismUnityApp1\PrismUnityApp1\PrismUnityApp1.csproj", "{CC866883-158D-4C83-B66B-3FF9585A6306}"
EndProject
Project("{FAE04EC0-301F-11D3-BF4B-00C04F79EFBC}") = "PrismUnityApp1.Droid", "PrismUnityApp1\PrismUnityApp1.Droid\PrismUnityApp1.Droid.csproj", "{EBC38151-CDC2-4C87-932C-0AA0542A24B9}"
EndProject
Project("{FAE04EC0-301F-11D3-BF4B-00C04F79EFBC}") = "PrismUnityApp1.iOS", "PrismUnityApp1\PrismUnityApp1.iOS\PrismUnityApp1.iOS.csproj", "{A3812A15-F93E-4EA5-9B8C-CCAAA24C9A24}"
EndProject
Project("{FAE04EC0-301F-11D3-BF4B-00C04F79EFBC}") = "PrismUnityApp1.UWP", "PrismUnityApp1\PrismUnityApp1.UWP\PrismUnityApp1.UWP.csproj", "{819F579D-F1B0-4824-8DB2-0E2CDAEF70DB}"
EndProject
Global
	GlobalSection(SolutionConfigurationPlatforms) = preSolution
		Ad-Hoc|Any CPU = Ad-Hoc|Any CPU
		Ad-Hoc|ARM = Ad-Hoc|ARM
		Ad-Hoc|iPhone = Ad-Hoc|iPhone
		Ad-Hoc|iPhoneSimulator = Ad-Hoc|iPhoneSimulator
		Ad-Hoc|x64 = Ad-Hoc|x64
		Ad-Hoc|x86 = Ad-Hoc|x86
		AppStore|Any CPU = AppStore|Any CPU
		AppStore|ARM = AppStore|ARM
		AppStore|iPhone = AppStore|iPhone
		AppStore|iPhoneSimulator = AppStore|iPhoneSimulator
		AppStore|x64 = AppStore|x64
		AppStore|x86 = AppStore|x86
		Debug|Any CPU = Debug|Any CPU
		Debug|ARM = Debug|ARM
		Debug|iPhone = Debug|iPhone
		Debug|iPhoneSimulator = Debug|iPhoneSimulator
		Debug|x64 = Debug|x64
		Debug|x86 = Debug|x86
		Release|Any CPU = Release|Any CPU
		Release|ARM = Release|ARM
		Release|iPhone = Release|iPhone
		Release|iPhoneSimulator = Release|iPhoneSimulator
		Release|x64 = Release|x64
		Release|x86 = Release|x86
	EndGlobalSection
	GlobalSection(ProjectConfigurationPlatforms) = postSolution
		{CC866883-158D-4C83-B66B-3FF9585A6306}.Ad-Hoc|Any CPU.ActiveCfg = Release|Any CPU
		{CC866883-158D-4C83-B66B-3FF9585A6306}.Ad-Hoc|Any CPU.Build.0 = Release|Any CPU
		{CC866883-158D-4C83-B66B-3FF9585A6306}.Ad-Hoc|ARM.ActiveCfg = Release|Any CPU
		{CC866883-158D-4C83-B66B-3FF9585A6306}.Ad-Hoc|ARM.Build.0 = Release|Any CPU
		{CC866883-158D-4C83-B66B-3FF9585A6306}.Ad-Hoc|iPhone.ActiveCfg = Release|Any CPU
		{CC866883-158D-4C83-B66B-3FF9585A6306}.Ad-Hoc|iPhone.Build.0 = Release|Any CPU
		{CC866883-158D-4C83-B66B-3FF9585A6306}.Ad-Hoc|iPhoneSimulator.ActiveCfg = Release|Any CPU
		{CC866883-158D-4C83-B66B-3FF9585A6306}.Ad-Hoc|iPhoneSimulator.Build.0 = Release|Any CPU
		{CC866883-158D-4C83-B66B-3FF9585A6306}.Ad-Hoc|x64.ActiveCfg = Release|Any CPU
		{CC866883-158D-4C83-B66B-3FF9585A6306}.Ad-Hoc|x64.Build.0 = Release|Any CPU
		{CC866883-158D-4C83-B66B-3FF9585A6306}.Ad-Hoc|x86.ActiveCfg = Release|Any CPU
		{CC866883-158D-4C83-B66B-3FF9585A6306}.Ad-Hoc|x86.Build.0 = Release|Any CPU
		{CC866883-158D-4C83-B66B-3FF9585A6306}.AppStore|Any CPU.ActiveCfg = Release|Any CPU
		{CC866883-158D-4C83-B66B-3FF9585A6306}.AppStore|Any CPU.Build.0 = Release|Any CPU
		{CC866883-158D-4C83-B66B-3FF9585A6306}.AppStore|ARM.ActiveCfg = Release|Any CPU
		{CC866883-158D-4C83-B66B-3FF9585A6306}.AppStore|ARM.Build.0 = Release|Any CPU
		{CC866883-158D-4C83-B66B-3FF9585A6306}.AppStore|iPhone.ActiveCfg = Release|Any CPU
		{CC866883-158D-4C83-B66B-3FF9585A6306}.AppStore|iPhone.Build.0 = Release|Any CPU
		{CC866883-158D-4C83-B66B-3FF9585A6306}.AppStore|iPhoneSimulator.ActiveCfg = Release|Any CPU
		{CC866883-158D-4C83-B66B-3FF9585A6306}.AppStore|iPhoneSimulator.Build.0 = Release|Any CPU
		{CC866883-158D-4C83-B66B-3FF9585A6306}.AppStore|x64.ActiveCfg = Release|Any CPU
		{CC866883-158D-4C83-B66B-3FF9585A6306}.AppStore|x64.Build.0 = Release|Any CPU
		{CC866883-158D-4C83-B66B-3FF9585A6306}.AppStore|x86.ActiveCfg = Release|Any CPU
		{CC866883-158D-4C83-B66B-3FF9585A6306}.AppStore|x86.Build.0 = Release|Any CPU
		{CC866883-158D-4C83-B66B-3FF9585A6306}.Debug|Any CPU.ActiveCfg = Debug|Any CPU
		{CC866883-158D-4C83-B66B-3FF9585A6306}.Debug|Any CPU.Build.0 = Debug|Any CPU
		{CC866883-158D-4C83-B66B-3FF9585A6306}.Debug|ARM.ActiveCfg = Debug|Any CPU
		{CC866883-158D-4C83-B66B-3FF9585A6306}.Debug|ARM.Build.0 = Debug|Any CPU
		{CC866883-158D-4C83-B66B-3FF9585A6306}.Debug|iPhone.ActiveCfg = Debug|Any CPU
		{CC866883-158D-4C83-B66B-3FF9585A6306}.Debug|iPhone.Build.0 = Debug|Any CPU
		{CC866883-158D-4C83-B66B-3FF9585A6306}.Debug|iPhoneSimulator.ActiveCfg = Debug|Any CPU
		{CC866883-158D-4C83-B66B-3FF9585A6306}.Debug|iPhoneSimulator.Build.0 = Debug|Any CPU
		{CC866883-158D-4C83-B66B-3FF9585A6306}.Debug|x64.ActiveCfg = Debug|Any CPU
		{CC866883-158D-4C83-B66B-3FF9585A6306}.Debug|x64.Build.0 = Debug|Any CPU
		{CC866883-158D-4C83-B66B-3FF9585A6306}.Debug|x86.ActiveCfg = Debug|Any CPU
		{CC866883-158D-4C83-B66B-3FF9585A6306}.Debug|x86.Build.0 = Debug|Any CPU
		{CC866883-158D-4C83-B66B-3FF9585A6306}.Release|Any CPU.ActiveCfg = Release|Any CPU
		{CC866883-158D-4C83-B66B-3FF9585A6306}.Release|Any CPU.Build.0 = Release|Any CPU
		{CC866883-158D-4C83-B66B-3FF9585A6306}.Release|ARM.ActiveCfg = Release|Any CPU
		{CC866883-158D-4C83-B66B-3FF9585A6306}.Release|ARM.Build.0 = Release|Any CPU
		{CC866883-158D-4C83-B66B-3FF9585A6306}.Release|iPhone.ActiveCfg = Release|Any CPU
		{CC866883-158D-4C83-B66B-3FF9585A6306}.Release|iPhone.Build.0 = Release|Any CPU
		{CC866883-158D-4C83-B66B-3FF9585A6306}.Release|iPhoneSimulator.ActiveCfg = Release|Any CPU
		{CC866883-158D-4C83-B66B-3FF9585A6306}.Release|iPhoneSimulator.Build.0 = Release|Any CPU
		{CC866883-158D-4C83-B66B-3FF9585A6306}.Release|x64.ActiveCfg = Release|Any CPU
		{CC866883-158D-4C83-B66B-3FF9585A6306}.Release|x64.Build.0 = Release|Any CPU
		{CC866883-158D-4C83-B66B-3FF9585A6306}.Release|x86.ActiveCfg = Release|Any CPU
		{CC866883-158D-4C83-B66B-3FF9585A6306}.Release|x86.Build.0 = Release|Any CPU
		{EBC38151-CDC2-4C87-932C-0AA0542A24B9}.Ad-Hoc|Any CPU.ActiveCfg = Release|Any CPU
		{EBC38151-CDC2-4C87-932C-0AA0542A24B9}.Ad-Hoc|Any CPU.Build.0 = Release|Any CPU
		{EBC38151-CDC2-4C87-932C-0AA0542A24B9}.Ad-Hoc|Any CPU.Deploy.0 = Release|Any CPU
		{EBC38151-CDC2-4C87-932C-0AA0542A24B9}.Ad-Hoc|ARM.ActiveCfg = Release|Any CPU
		{EBC38151-CDC2-4C87-932C-0AA0542A24B9}.Ad-Hoc|ARM.Build.0 = Release|Any CPU
		{EBC38151-CDC2-4C87-932C-0AA0542A24B9}.Ad-Hoc|ARM.Deploy.0 = Release|Any CPU
		{EBC38151-CDC2-4C87-932C-0AA0542A24B9}.Ad-Hoc|iPhone.ActiveCfg = Release|Any CPU
		{EBC38151-CDC2-4C87-932C-0AA0542A24B9}.Ad-Hoc|iPhone.Build.0 = Release|Any CPU
		{EBC38151-CDC2-4C87-932C-0AA0542A24B9}.Ad-Hoc|iPhone.Deploy.0 = Release|Any CPU
		{EBC38151-CDC2-4C87-932C-0AA0542A24B9}.Ad-Hoc|iPhoneSimulator.ActiveCfg = Release|Any CPU
		{EBC38151-CDC2-4C87-932C-0AA0542A24B9}.Ad-Hoc|iPhoneSimulator.Build.0 = Release|Any CPU
		{EBC38151-CDC2-4C87-932C-0AA0542A24B9}.Ad-Hoc|iPhoneSimulator.Deploy.0 = Release|Any CPU
		{EBC38151-CDC2-4C87-932C-0AA0542A24B9}.Ad-Hoc|x64.ActiveCfg = Release|Any CPU
		{EBC38151-CDC2-4C87-932C-0AA0542A24B9}.Ad-Hoc|x64.Build.0 = Release|Any CPU
		{EBC38151-CDC2-4C87-932C-0AA0542A24B9}.Ad-Hoc|x64.Deploy.0 = Release|Any CPU
		{EBC38151-CDC2-4C87-932C-0AA0542A24B9}.Ad-Hoc|x86.ActiveCfg = Release|Any CPU
		{EBC38151-CDC2-4C87-932C-0AA0542A24B9}.Ad-Hoc|x86.Build.0 = Release|Any CPU
		{EBC38151-CDC2-4C87-932C-0AA0542A24B9}.Ad-Hoc|x86.Deploy.0 = Release|Any CPU
		{EBC38151-CDC2-4C87-932C-0AA0542A24B9}.AppStore|Any CPU.ActiveCfg = Release|Any CPU
		{EBC38151-CDC2-4C87-932C-0AA0542A24B9}.AppStore|Any CPU.Build.0 = Release|Any CPU
		{EBC38151-CDC2-4C87-932C-0AA0542A24B9}.AppStore|Any CPU.Deploy.0 = Release|Any CPU
		{EBC38151-CDC2-4C87-932C-0AA0542A24B9}.AppStore|ARM.ActiveCfg = Release|Any CPU
		{EBC38151-CDC2-4C87-932C-0AA0542A24B9}.AppStore|ARM.Build.0 = Release|Any CPU
		{EBC38151-CDC2-4C87-932C-0AA0542A24B9}.AppStore|ARM.Deploy.0 = Release|Any CPU
		{EBC38151-CDC2-4C87-932C-0AA0542A24B9}.AppStore|iPhone.ActiveCfg = Release|Any CPU
		{EBC38151-CDC2-4C87-932C-0AA0542A24B9}.AppStore|iPhone.Build.0 = Release|Any CPU
		{EBC38151-CDC2-4C87-932C-0AA0542A24B9}.AppStore|iPhone.Deploy.0 = Release|Any CPU
		{EBC38151-CDC2-4C87-932C-0AA0542A24B9}.AppStore|iPhoneSimulator.ActiveCfg = Release|Any CPU
		{EBC38151-CDC2-4C87-932C-0AA0542A24B9}.AppStore|iPhoneSimulator.Build.0 = Release|Any CPU
		{EBC38151-CDC2-4C87-932C-0AA0542A24B9}.AppStore|iPhoneSimulator.Deploy.0 = Release|Any CPU
		{EBC38151-CDC2-4C87-932C-0AA0542A24B9}.AppStore|x64.ActiveCfg = Release|Any CPU
		{EBC38151-CDC2-4C87-932C-0AA0542A24B9}.AppStore|x64.Build.0 = Release|Any CPU
		{EBC38151-CDC2-4C87-932C-0AA0542A24B9}.AppStore|x64.Deploy.0 = Release|Any CPU
		{EBC38151-CDC2-4C87-932C-0AA0542A24B9}.AppStore|x86.ActiveCfg = Release|Any CPU
		{EBC38151-CDC2-4C87-932C-0AA0542A24B9}.AppStore|x86.Build.0 = Release|Any CPU
		{EBC38151-CDC2-4C87-932C-0AA0542A24B9}.AppStore|x86.Deploy.0 = Release|Any CPU
		{EBC38151-CDC2-4C87-932C-0AA0542A24B9}.Debug|Any CPU.ActiveCfg = Debug|Any CPU
		{EBC38151-CDC2-4C87-932C-0AA0542A24B9}.Debug|Any CPU.Build.0 = Debug|Any CPU
		{EBC38151-CDC2-4C87-932C-0AA0542A24B9}.Debug|Any CPU.Deploy.0 = Debug|Any CPU
		{EBC38151-CDC2-4C87-932C-0AA0542A24B9}.Debug|ARM.ActiveCfg = Debug|Any CPU
		{EBC38151-CDC2-4C87-932C-0AA0542A24B9}.Debug|ARM.Build.0 = Debug|Any CPU
		{EBC38151-CDC2-4C87-932C-0AA0542A24B9}.Debug|ARM.Deploy.0 = Debug|Any CPU
		{EBC38151-CDC2-4C87-932C-0AA0542A24B9}.Debug|iPhone.ActiveCfg = Debug|Any CPU
		{EBC38151-CDC2-4C87-932C-0AA0542A24B9}.Debug|iPhone.Build.0 = Debug|Any CPU
		{EBC38151-CDC2-4C87-932C-0AA0542A24B9}.Debug|iPhone.Deploy.0 = Debug|Any CPU
		{EBC38151-CDC2-4C87-932C-0AA0542A24B9}.Debug|iPhoneSimulator.ActiveCfg = Debug|Any CPU
		{EBC38151-CDC2-4C87-932C-0AA0542A24B9}.Debug|iPhoneSimulator.Build.0 = Debug|Any CPU
		{EBC38151-CDC2-4C87-932C-0AA0542A24B9}.Debug|iPhoneSimulator.Deploy.0 = Debug|Any CPU
		{EBC38151-CDC2-4C87-932C-0AA0542A24B9}.Debug|x64.ActiveCfg = Debug|Any CPU
		{EBC38151-CDC2-4C87-932C-0AA0542A24B9}.Debug|x64.Build.0 = Debug|Any CPU
		{EBC38151-CDC2-4C87-932C-0AA0542A24B9}.Debug|x64.Deploy.0 = Debug|Any CPU
		{EBC38151-CDC2-4C87-932C-0AA0542A24B9}.Debug|x86.ActiveCfg = Debug|Any CPU
		{EBC38151-CDC2-4C87-932C-0AA0542A24B9}.Debug|x86.Build.0 = Debug|Any CPU
		{EBC38151-CDC2-4C87-932C-0AA0542A24B9}.Debug|x86.Deploy.0 = Debug|Any CPU
		{EBC38151-CDC2-4C87-932C-0AA0542A24B9}.Release|Any CPU.ActiveCfg = Release|Any CPU
		{EBC38151-CDC2-4C87-932C-0AA0542A24B9}.Release|Any CPU.Build.0 = Release|Any CPU
		{EBC38151-CDC2-4C87-932C-0AA0542A24B9}.Release|Any CPU.Deploy.0 = Release|Any CPU
		{EBC38151-CDC2-4C87-932C-0AA0542A24B9}.Release|ARM.ActiveCfg = Release|Any CPU
		{EBC38151-CDC2-4C87-932C-0AA0542A24B9}.Release|ARM.Build.0 = Release|Any CPU
		{EBC38151-CDC2-4C87-932C-0AA0542A24B9}.Release|ARM.Deploy.0 = Release|Any CPU
		{EBC38151-CDC2-4C87-932C-0AA0542A24B9}.Release|iPhone.ActiveCfg = Release|Any CPU
		{EBC38151-CDC2-4C87-932C-0AA0542A24B9}.Release|iPhone.Build.0 = Release|Any CPU
		{EBC38151-CDC2-4C87-932C-0AA0542A24B9}.Release|iPhone.Deploy.0 = Release|Any CPU
		{EBC38151-CDC2-4C87-932C-0AA0542A24B9}.Release|iPhoneSimulator.ActiveCfg = Release|Any CPU
		{EBC38151-CDC2-4C87-932C-0AA0542A24B9}.Release|iPhoneSimulator.Build.0 = Release|Any CPU
		{EBC38151-CDC2-4C87-932C-0AA0542A24B9}.Release|iPhoneSimulator.Deploy.0 = Release|Any CPU
		{EBC38151-CDC2-4C87-932C-0AA0542A24B9}.Release|x64.ActiveCfg = Release|Any CPU
		{EBC38151-CDC2-4C87-932C-0AA0542A24B9}.Release|x64.Build.0 = Release|Any CPU
		{EBC38151-CDC2-4C87-932C-0AA0542A24B9}.Release|x64.Deploy.0 = Release|Any CPU
		{EBC38151-CDC2-4C87-932C-0AA0542A24B9}.Release|x86.ActiveCfg = Release|Any CPU
		{EBC38151-CDC2-4C87-932C-0AA0542A24B9}.Release|x86.Build.0 = Release|Any CPU
		{EBC38151-CDC2-4C87-932C-0AA0542A24B9}.Release|x86.Deploy.0 = Release|Any CPU
		{A3812A15-F93E-4EA5-9B8C-CCAAA24C9A24}.Ad-Hoc|Any CPU.ActiveCfg = Ad-Hoc|iPhone
		{A3812A15-F93E-4EA5-9B8C-CCAAA24C9A24}.Ad-Hoc|ARM.ActiveCfg = Ad-Hoc|iPhone
		{A3812A15-F93E-4EA5-9B8C-CCAAA24C9A24}.Ad-Hoc|iPhone.ActiveCfg = Ad-Hoc|iPhone
		{A3812A15-F93E-4EA5-9B8C-CCAAA24C9A24}.Ad-Hoc|iPhone.Build.0 = Ad-Hoc|iPhone
		{A3812A15-F93E-4EA5-9B8C-CCAAA24C9A24}.Ad-Hoc|iPhoneSimulator.ActiveCfg = Ad-Hoc|iPhoneSimulator
		{A3812A15-F93E-4EA5-9B8C-CCAAA24C9A24}.Ad-Hoc|iPhoneSimulator.Build.0 = Ad-Hoc|iPhoneSimulator
		{A3812A15-F93E-4EA5-9B8C-CCAAA24C9A24}.Ad-Hoc|x64.ActiveCfg = Ad-Hoc|iPhone
		{A3812A15-F93E-4EA5-9B8C-CCAAA24C9A24}.Ad-Hoc|x86.ActiveCfg = Ad-Hoc|iPhone
		{A3812A15-F93E-4EA5-9B8C-CCAAA24C9A24}.AppStore|Any CPU.ActiveCfg = AppStore|iPhone
		{A3812A15-F93E-4EA5-9B8C-CCAAA24C9A24}.AppStore|ARM.ActiveCfg = AppStore|iPhone
		{A3812A15-F93E-4EA5-9B8C-CCAAA24C9A24}.AppStore|iPhone.ActiveCfg = AppStore|iPhone
		{A3812A15-F93E-4EA5-9B8C-CCAAA24C9A24}.AppStore|iPhone.Build.0 = AppStore|iPhone
		{A3812A15-F93E-4EA5-9B8C-CCAAA24C9A24}.AppStore|iPhoneSimulator.ActiveCfg = AppStore|iPhoneSimulator
		{A3812A15-F93E-4EA5-9B8C-CCAAA24C9A24}.AppStore|iPhoneSimulator.Build.0 = AppStore|iPhoneSimulator
		{A3812A15-F93E-4EA5-9B8C-CCAAA24C9A24}.AppStore|x64.ActiveCfg = AppStore|iPhone
		{A3812A15-F93E-4EA5-9B8C-CCAAA24C9A24}.AppStore|x86.ActiveCfg = AppStore|iPhone
		{A3812A15-F93E-4EA5-9B8C-CCAAA24C9A24}.Debug|Any CPU.ActiveCfg = Debug|iPhone
		{A3812A15-F93E-4EA5-9B8C-CCAAA24C9A24}.Debug|ARM.ActiveCfg = Debug|iPhone
		{A3812A15-F93E-4EA5-9B8C-CCAAA24C9A24}.Debug|iPhone.ActiveCfg = Debug|iPhone
		{A3812A15-F93E-4EA5-9B8C-CCAAA24C9A24}.Debug|iPhone.Build.0 = Debug|iPhone
		{A3812A15-F93E-4EA5-9B8C-CCAAA24C9A24}.Debug|iPhoneSimulator.ActiveCfg = Debug|iPhoneSimulator
		{A3812A15-F93E-4EA5-9B8C-CCAAA24C9A24}.Debug|iPhoneSimulator.Build.0 = Debug|iPhoneSimulator
		{A3812A15-F93E-4EA5-9B8C-CCAAA24C9A24}.Debug|x64.ActiveCfg = Debug|iPhone
		{A3812A15-F93E-4EA5-9B8C-CCAAA24C9A24}.Debug|x86.ActiveCfg = Debug|iPhone
		{A3812A15-F93E-4EA5-9B8C-CCAAA24C9A24}.Release|Any CPU.ActiveCfg = Release|iPhone
		{A3812A15-F93E-4EA5-9B8C-CCAAA24C9A24}.Release|ARM.ActiveCfg = Release|iPhone
		{A3812A15-F93E-4EA5-9B8C-CCAAA24C9A24}.Release|iPhone.ActiveCfg = Release|iPhone
		{A3812A15-F93E-4EA5-9B8C-CCAAA24C9A24}.Release|iPhone.Build.0 = Release|iPhone
		{A3812A15-F93E-4EA5-9B8C-CCAAA24C9A24}.Release|iPhoneSimulator.ActiveCfg = Release|iPhoneSimulator
		{A3812A15-F93E-4EA5-9B8C-CCAAA24C9A24}.Release|iPhoneSimulator.Build.0 = Release|iPhoneSimulator
		{A3812A15-F93E-4EA5-9B8C-CCAAA24C9A24}.Release|x64.ActiveCfg = Release|iPhone
		{A3812A15-F93E-4EA5-9B8C-CCAAA24C9A24}.Release|x86.ActiveCfg = Release|iPhone
		{819F579D-F1B0-4824-8DB2-0E2CDAEF70DB}.Ad-Hoc|Any CPU.ActiveCfg = Release|x86
		{819F579D-F1B0-4824-8DB2-0E2CDAEF70DB}.Ad-Hoc|Any CPU.Build.0 = Release|x86
		{819F579D-F1B0-4824-8DB2-0E2CDAEF70DB}.Ad-Hoc|Any CPU.Deploy.0 = Release|x86
		{819F579D-F1B0-4824-8DB2-0E2CDAEF70DB}.Ad-Hoc|ARM.ActiveCfg = Release|ARM
		{819F579D-F1B0-4824-8DB2-0E2CDAEF70DB}.Ad-Hoc|ARM.Build.0 = Release|ARM
		{819F579D-F1B0-4824-8DB2-0E2CDAEF70DB}.Ad-Hoc|ARM.Deploy.0 = Release|ARM
		{819F579D-F1B0-4824-8DB2-0E2CDAEF70DB}.Ad-Hoc|iPhone.ActiveCfg = Release|x86
		{819F579D-F1B0-4824-8DB2-0E2CDAEF70DB}.Ad-Hoc|iPhone.Build.0 = Release|x86
		{819F579D-F1B0-4824-8DB2-0E2CDAEF70DB}.Ad-Hoc|iPhone.Deploy.0 = Release|x86
		{819F579D-F1B0-4824-8DB2-0E2CDAEF70DB}.Ad-Hoc|iPhoneSimulator.ActiveCfg = Release|x86
		{819F579D-F1B0-4824-8DB2-0E2CDAEF70DB}.Ad-Hoc|iPhoneSimulator.Build.0 = Release|x86
		{819F579D-F1B0-4824-8DB2-0E2CDAEF70DB}.Ad-Hoc|iPhoneSimulator.Deploy.0 = Release|x86
		{819F579D-F1B0-4824-8DB2-0E2CDAEF70DB}.Ad-Hoc|x64.ActiveCfg = Release|x64
		{819F579D-F1B0-4824-8DB2-0E2CDAEF70DB}.Ad-Hoc|x64.Build.0 = Release|x64
		{819F579D-F1B0-4824-8DB2-0E2CDAEF70DB}.Ad-Hoc|x64.Deploy.0 = Release|x64
		{819F579D-F1B0-4824-8DB2-0E2CDAEF70DB}.Ad-Hoc|x86.ActiveCfg = Release|x86
		{819F579D-F1B0-4824-8DB2-0E2CDAEF70DB}.Ad-Hoc|x86.Build.0 = Release|x86
		{819F579D-F1B0-4824-8DB2-0E2CDAEF70DB}.Ad-Hoc|x86.Deploy.0 = Release|x86
		{819F579D-F1B0-4824-8DB2-0E2CDAEF70DB}.AppStore|Any CPU.ActiveCfg = Release|x86
		{819F579D-F1B0-4824-8DB2-0E2CDAEF70DB}.AppStore|Any CPU.Build.0 = Release|x86
		{819F579D-F1B0-4824-8DB2-0E2CDAEF70DB}.AppStore|Any CPU.Deploy.0 = Release|x86
		{819F579D-F1B0-4824-8DB2-0E2CDAEF70DB}.AppStore|ARM.ActiveCfg = Release|ARM
		{819F579D-F1B0-4824-8DB2-0E2CDAEF70DB}.AppStore|ARM.Build.0 = Release|ARM
		{819F579D-F1B0-4824-8DB2-0E2CDAEF70DB}.AppStore|ARM.Deploy.0 = Release|ARM
		{819F579D-F1B0-4824-8DB2-0E2CDAEF70DB}.AppStore|iPhone.ActiveCfg = Release|x86
		{819F579D-F1B0-4824-8DB2-0E2CDAEF70DB}.AppStore|iPhone.Build.0 = Release|x86
		{819F579D-F1B0-4824-8DB2-0E2CDAEF70DB}.AppStore|iPhone.Deploy.0 = Release|x86
		{819F579D-F1B0-4824-8DB2-0E2CDAEF70DB}.AppStore|iPhoneSimulator.ActiveCfg = Release|x86
		{819F579D-F1B0-4824-8DB2-0E2CDAEF70DB}.AppStore|iPhoneSimulator.Build.0 = Release|x86
		{819F579D-F1B0-4824-8DB2-0E2CDAEF70DB}.AppStore|iPhoneSimulator.Deploy.0 = Release|x86
		{819F579D-F1B0-4824-8DB2-0E2CDAEF70DB}.AppStore|x64.ActiveCfg = Release|x64
		{819F579D-F1B0-4824-8DB2-0E2CDAEF70DB}.AppStore|x64.Build.0 = Release|x64
		{819F579D-F1B0-4824-8DB2-0E2CDAEF70DB}.AppStore|x64.Deploy.0 = Release|x64
		{819F579D-F1B0-4824-8DB2-0E2CDAEF70DB}.AppStore|x86.ActiveCfg = Release|x86
		{819F579D-F1B0-4824-8DB2-0E2CDAEF70DB}.AppStore|x86.Build.0 = Release|x86
		{819F579D-F1B0-4824-8DB2-0E2CDAEF70DB}.AppStore|x86.Deploy.0 = Release|x86
		{819F579D-F1B0-4824-8DB2-0E2CDAEF70DB}.Debug|Any CPU.ActiveCfg = Debug|x86
		{819F579D-F1B0-4824-8DB2-0E2CDAEF70DB}.Debug|ARM.ActiveCfg = Debug|ARM
		{819F579D-F1B0-4824-8DB2-0E2CDAEF70DB}.Debug|ARM.Build.0 = Debug|ARM
		{819F579D-F1B0-4824-8DB2-0E2CDAEF70DB}.Debug|ARM.Deploy.0 = Debug|ARM
		{819F579D-F1B0-4824-8DB2-0E2CDAEF70DB}.Debug|iPhone.ActiveCfg = Debug|x86
		{819F579D-F1B0-4824-8DB2-0E2CDAEF70DB}.Debug|iPhoneSimulator.ActiveCfg = Debug|x86
		{819F579D-F1B0-4824-8DB2-0E2CDAEF70DB}.Debug|x64.ActiveCfg = Debug|x64
		{819F579D-F1B0-4824-8DB2-0E2CDAEF70DB}.Debug|x64.Build.0 = Debug|x64
		{819F579D-F1B0-4824-8DB2-0E2CDAEF70DB}.Debug|x64.Deploy.0 = Debug|x64
		{819F579D-F1B0-4824-8DB2-0E2CDAEF70DB}.Debug|x86.ActiveCfg = Debug|x86
		{819F579D-F1B0-4824-8DB2-0E2CDAEF70DB}.Debug|x86.Build.0 = Debug|x86
		{819F579D-F1B0-4824-8DB2-0E2CDAEF70DB}.Debug|x86.Deploy.0 = Debug|x86
		{819F579D-F1B0-4824-8DB2-0E2CDAEF70DB}.Release|Any CPU.ActiveCfg = Release|x86
		{819F579D-F1B0-4824-8DB2-0E2CDAEF70DB}.Release|ARM.ActiveCfg = Release|ARM
		{819F579D-F1B0-4824-8DB2-0E2CDAEF70DB}.Release|ARM.Build.0 = Release|ARM
		{819F579D-F1B0-4824-8DB2-0E2CDAEF70DB}.Release|ARM.Deploy.0 = Release|ARM
		{819F579D-F1B0-4824-8DB2-0E2CDAEF70DB}.Release|iPhone.ActiveCfg = Release|x86
		{819F579D-F1B0-4824-8DB2-0E2CDAEF70DB}.Release|iPhoneSimulator.ActiveCfg = Release|x86
		{819F579D-F1B0-4824-8DB2-0E2CDAEF70DB}.Release|x64.ActiveCfg = Release|x64
		{819F579D-F1B0-4824-8DB2-0E2CDAEF70DB}.Release|x64.Build.0 = Release|x64
		{819F579D-F1B0-4824-8DB2-0E2CDAEF70DB}.Release|x64.Deploy.0 = Release|x64
		{819F579D-F1B0-4824-8DB2-0E2CDAEF70DB}.Release|x86.ActiveCfg = Release|x86
		{819F579D-F1B0-4824-8DB2-0E2CDAEF70DB}.Release|x86.Build.0 = Release|x86
		{819F579D-F1B0-4824-8DB2-0E2CDAEF70DB}.Release|x86.Deploy.0 = Release|x86
	EndGlobalSection
	GlobalSection(SolutionProperties) = preSolution
		HideSolutionNode = FALSE
	EndGlobalSection
EndGlobal
